lockfileVersion: '9.0'

settings:
  autoInstallPeers: true
  excludeLinksFromLockfile: false

importers:

  .:
    dependencies:
      oxfmt:
        specifier: 0.69.0
        version: 0.69.0

packages:

  '@oxfmt/binding-android-arm-eabi@0.69.0':
    resolution: {integrity: sha512-bIHrwFuZ827RbGA0zWkdkFrVb740NSZpPDbTwjFcSXolQa1KT6ImSrVZa0qPsxCU/85RwV5hyQr5kp3/PiMeTw==}
    engines: {node: ^20.19.0 || >=22.12.0}
    cpu: [arm]
    os: [android]

  '@oxfmt/binding-android-arm64@0.69.0':
    resolution: {integrity: sha512-BM5syJZ9XR9Sbz3REnNtLalFs7aiKR+x3/srqGFIHBLZTQkD5/a7sw6HVFtlasHFDX1ihkCOxDcEAEzET3BiSg==}
    engines: {node: ^20.19.0 || >=22.12.0}
    cpu: [arm64]
    os: [android]

  '@oxfmt/binding-darwin-arm64@0.69.0':
    resolution: {integrity: sha512-7uJH/WbRuFVRUqsXZGIre2dGwItgDwECSW2TVaoNkKTTXnboBHhtmLXI5D0mEKXsYODrlO2ZU3RT4jb8cG8n1A==}
    engines: {node: ^20.19.0 || >=22.12.0}
    cpu: [arm64]
    os: [darwin]

  '@oxfmt/binding-darwin-x64@0.69.0':
    resolution: {integrity: sha512-/kOSIVMoFUXbeQsB8VhBZKsO6i1AqZh+sH1QUkUnOoGRfby+e2ra5fCSNmV67vn9lxmR3Cg+rTY7vLJY185oRQ==}
    engines: {node: ^20.19.0 || >=22.12.0}
    cpu: [x64]
    os: [darwin]

  '@oxfmt/binding-freebsd-x64@0.69.0':
    resolution: {integrity: sha512-3EGIXBj+v0lIfVjiIKjDc56ffYnxQo0A+olGIkSR+mLophxV3t6y3MLP6LViG5XJ3PbypwJH9rcFqCw2/Tqb5A==}
    engines: {node: ^20.19.0 || >=22.12.0}
    cpu: [x64]
    os: [freebsd]

  '@oxfmt/binding-linux-arm-gnueabihf@0.69.0':
    resolution: {integrity: sha512-WV6Jgx2ues5dr2zd5jWzVi3yx+4mZaN9dLniQKspAOsKJBJpDV6zuEOcJYF8agtPUn+mdevvC+zpPTzTXOpZiQ==}
    engines: {node: ^20.19.0 || >=22.12.0}
    cpu: [arm]
    os: [linux]

  '@oxfmt/binding-linux-arm-musleabihf@0.69.0':
    resolution: {integrity: sha512-BJFMJwp+/jdna4YAN/On8pxmuKQnRdABqgxgInaS3oAwfuipky+rRoOBkBPGsIMYYV1dVw98wDqcH6udJVwtDQ==}
    engines: {node: ^20.19.0 || >=22.12.0}
    cpu: [arm]
    os: [linux]

  '@oxfmt/binding-linux-arm64-gnu@0.69.0':
    resolution: {integrity: sha512-oxWok8rbE3yWa9ntpsADBunV4Y9soDMjKbqJm+GYbXRMPltatU/bowKZ3hjs+YNCoiNHawGwV5eS+AgR2Ym16A==}
    engines: {node: ^20.19.0 || >=22.12.0}
    cpu: [arm64]
    os: [linux]
    libc: [glibc]

  '@oxfmt/binding-linux-arm64-musl@0.69.0':
    resolution: {integrity: sha512-MGNA2QxtilH8MNLZo5ckxnJtwfW/fBI5bK0feg8WfZ8w2eKXYSVHw0E5GdOY+VHTHa1XjFh7kGrssLpEhVX6dA==}
    engines: {node: ^20.19.0 || >=22.12.0}
    cpu: [arm64]
    os: [linux]
    libc: [musl]

  '@oxfmt/binding-linux-ppc64-gnu@0.69.0':
    resolution: {integrity: sha512-YRDmLg1O1n8LZANRjDepdSfdsoha0XvvIt3gX6cfYbTa3YoIUSPFl3sEJJnXTPgQ0za+WfSjkD8oC5rQ2V2Kag==}
    engines: {node: ^20.19.0 || >=22.12.0}
    cpu: [ppc64]
    os: [linux]
    libc: [glibc]

  '@oxfmt/binding-linux-riscv64-gnu@0.69.0':
    resolution: {integrity: sha512-P/vma/Qr93GQpiuxXaIaAu7nnMH97ZT67PUp+mEmkQxtImfy4UXvUofRvVfevXzSPZFFFlATRlwR//7X2gHScw==}
    engines: {node: ^20.19.0 || >=22.12.0}
    cpu: [riscv64]
    os: [linux]
    libc: [glibc]

  '@oxfmt/binding-linux-riscv64-musl@0.69.0':
    resolution: {integrity: sha512-ab56dJoXzYaZvtxOai6buS25+ListSPIRh+tB8RnDfeKUAhH1GxlHJfLdz7fgu7r9c9HuVgf40fCeLV7VPC96Q==}
    engines: {node: ^20.19.0 || >=22.12.0}
    cpu: [riscv64]
    os: [linux]
    libc: [musl]

  '@oxfmt/binding-linux-s390x-gnu@0.69.0':
    resolution: {integrity: sha512-C/RlO4D+BgO0Dt0XI0iam5URonkhwBHVTkgmYaWF+ATWP2hTxEECv2buq/h7CHdyaVWKNPwud3A42SIPaXKOqw==}
    engines: {node: ^20.19.0 || >=22.12.0}
    cpu: [s390x]
    os: [linux]
    libc: [glibc]

  '@oxfmt/binding-linux-x64-gnu@0.69.0':
    resolution: {integrity: sha512-UKBbKP5Eyd7fyqINB4vx9rASdpZDxkGjs8Hoaq3MnCQaMx6pA5UboTBNqmkSTWNaMnfO9GW0a56DMXx01BlNTQ==}
    engines: {node: ^20.19.0 || >=22.12.0}
    cpu: [x64]
    os: [linux]
    libc: [glibc]

  '@oxfmt/binding-linux-x64-musl@0.69.0':
    resolution: {integrity: sha512-9FG+qAeWUKhW4Fyvm+Mc1pCudtghGie/Ya/Bp2K5P0RztPFjgkdpPWs6yBjO+QgvO9tpQnJoSF9CtK7yGdyolA==}
    engines: {node: ^20.19.0 || >=22.12.0}
    cpu: [x64]
    os: [linux]
    libc: [musl]

  '@oxfmt/binding-openharmony-arm64@0.69.0':
    resolution: {integrity: sha512-SOa7zPrzY5NWKHjUNLsMDLmFg5lZeSgnU3Rqw8DIlKq0kDafldb4PXUVgQnqTvv6/rrm4f3nOS0FJkR1yjdvpg==}
    engines: {node: ^20.19.0 || >=22.12.0}
    cpu: [arm64]
    os: [openharmony]

  '@oxfmt/binding-win32-arm64-msvc@0.69.0':
    resolution: {integrity: sha512-7MjttdjcmORfGfRLXWX1pB0czb6kD/7NK8I0yWgj0F5NLrgdqLIoWbHxDkkIfqcTv8/BE57Gx+V+gxIRmjqyqw==}
    engines: {node: ^20.19.0 || >=22.12.0}
    cpu: [arm64]
    os: [win32]

  '@oxfmt/binding-win32-ia32-msvc@0.69.0':
    resolution: {integrity: sha512-M14ymKbCmDAu4c/4L9fzTr8SYioqlKNlK9/2CPAEaCwuHRCFCb95ykHZrTVMAe6JL9raK7wtk8n3ZgWLggqMyg==}
    engines: {node: ^20.19.0 || >=22.12.0}
    cpu: [ia32]
    os: [win32]

  '@oxfmt/binding-win32-x64-msvc@0.69.0':
    resolution: {integrity: sha512-PNoUeaK9ZtoAIL2gOwpsn5cpUgDLUHwCxpdOcWe+r13PqENdpcbYYFJAsvkZnUrB+JN8Qc/M1Hr97gWXHOJcow==}
    engines: {node: ^20.19.0 || >=22.12.0}
    cpu: [x64]
    os: [win32]

  oxfmt@0.69.0:
    resolution: {integrity: sha512-RtJz7U1bf0cwboaXX/h5YW039DlrYVPToI/cLLOpGcvtajLilfK9PXz71EICtYxfvFh0GINexCv81ABPymPopA==}
    engines: {node: ^20.19.0 || >=22.12.0}
    hasBin: true
    peerDependencies:
      svelte: ^5.0.0
      vite-plus: '*'
    peerDependenciesMeta:
      svelte:
        optional: true
      vite-plus:
        optional: true

  tinypool@2.1.2:
    resolution: {integrity: sha512-9YodfrxS9g9IbFr/KOjE5bAeJ0p61n3bW6mqvy0jtoeKd1kTW1Cxm0oulm6KX2lyM9Gl6WIe8nEbY7LWv5ZJww==}
    engines: {node: ^20.0.0 || >=22.0.0}

snapshots:

  '@oxfmt/binding-android-arm-eabi@0.69.0':
    optional: true

  '@oxfmt/binding-android-arm64@0.69.0':
    optional: true

  '@oxfmt/binding-darwin-arm64@0.69.0':
    optional: true

  '@oxfmt/binding-darwin-x64@0.69.0':
    optional: true

  '@oxfmt/binding-freebsd-x64@0.69.0':
    optional: true

  '@oxfmt/binding-linux-arm-gnueabihf@0.69.0':
    optional: true

  '@oxfmt/binding-linux-arm-musleabihf@0.69.0':
    optional: true

  '@oxfmt/binding-linux-arm64-gnu@0.69.0':
    optional: true

  '@oxfmt/binding-linux-arm64-musl@0.69.0':
    optional: true

  '@oxfmt/binding-linux-ppc64-gnu@0.69.0':
    optional: true

  '@oxfmt/binding-linux-riscv64-gnu@0.69.0':
    optional: true

  '@oxfmt/binding-linux-riscv64-musl@0.69.0':
    optional: true

  '@oxfmt/binding-linux-s390x-gnu@0.69.0':
    optional: true

  '@oxfmt/binding-linux-x64-gnu@0.69.0':
    optional: true

  '@oxfmt/binding-linux-x64-musl@0.69.0':
    optional: true

  '@oxfmt/binding-openharmony-arm64@0.69.0':
    optional: true

  '@oxfmt/binding-win32-arm64-msvc@0.69.0':
    optional: true

  '@oxfmt/binding-win32-ia32-msvc@0.69.0':
    optional: true

  '@oxfmt/binding-win32-x64-msvc@0.69.0':
    optional: true

  oxfmt@0.69.0:
    dependencies:
      tinypool: 2.1.2
    optionalDependencies:
      '@oxfmt/binding-android-arm-eabi': 0.69.0
      '@oxfmt/binding-android-arm64': 0.69.0
      '@oxfmt/binding-darwin-arm64': 0.69.0
      '@oxfmt/binding-darwin-x64': 0.69.0
      '@oxfmt/binding-freebsd-x64': 0.69.0
      '@oxfmt/binding-linux-arm-gnueabihf': 0.69.0
      '@oxfmt/binding-linux-arm-musleabihf': 0.69.0
      '@oxfmt/binding-linux-arm64-gnu': 0.69.0
      '@oxfmt/binding-linux-arm64-musl': 0.69.0
      '@oxfmt/binding-linux-ppc64-gnu': 0.69.0
      '@oxfmt/binding-linux-riscv64-gnu': 0.69.0
      '@oxfmt/binding-linux-riscv64-musl': 0.69.0
      '@oxfmt/binding-linux-s390x-gnu': 0.69.0
      '@oxfmt/binding-linux-x64-gnu': 0.69.0
      '@oxfmt/binding-linux-x64-musl': 0.69.0
      '@oxfmt/binding-openharmony-arm64': 0.69.0
      '@oxfmt/binding-win32-arm64-msvc': 0.69.0
      '@oxfmt/binding-win32-ia32-msvc': 0.69.0
      '@oxfmt/binding-win32-x64-msvc': 0.69.0

  tinypool@2.1.2: {}
